
Microsoft Visual Studio Solution File, Format Version 12.00
# Visual Studio Version 16
VisualStudioVersion = 16.0.31321.278
MinimumVisualStudioVersion = 10.0.40219.1
Project("{9A19103F-16F7-4668-BE54-9A1E7A4F7556}") = "WMTSServer", "WMTSServerExample\WMTSServer.csproj", "{0366CD09-F726-4974-9E35-6458CCA7B624}"
EndProject
Global
	GlobalSection(SolutionConfigurationPlatforms) = preSolution
		Debug|Any CPU = Debug|Any CPU
		Release|Any CPU = Release|Any CPU
	EndGlobalSection
	GlobalSection(ProjectConfigurationPlatforms) = postSolution
		{0366CD09-F726-4974-9E35-6458CCA7B624}.Debug|Any CPU.ActiveCfg = Debug|Any CPU
		{0366CD09-F726-4974-9E35-6458CCA7B624}.Debug|Any CPU.Build.0 = Debug|Any CPU
		{0366CD09-F726-4974-9E35-6458CCA7B624}.Release|Any CPU.ActiveCfg = Release|Any CPU
		{0366CD09-F726-4974-9E35-6458CCA7B624}.Release|Any CPU.Build.0 = Release|Any CPU
	EndGlobalSection
	GlobalSection(SolutionProperties) = preSolution
		HideSolutionNode = FALSE
	EndGlobalSection
	GlobalSection(ExtensibilityGlobals) = postSolution
		SolutionGuid = {D3B4CCD1-A91D-41BA-A94F-C0C8F6F412FB}
	EndGlobalSection
EndGlobal
